
Microsoft Visual Studio Solution File, Format Version 12.00
# Visual Studio 14
VisualStudioVersion = 14.0.25420.1
MinimumVisualStudioVersion = 10.0.40219.1
Project("{2150E333-8FDC-42A3-9474-1A3956D46DE8}") = "Testing", "Testing", "{2E539C3C-F5C4-40DC-A405-07BEBA16ED11}"
EndProject
Project("{2150E333-8FDC-42A3-9474-1A3956D46DE8}") = "Sources", "Sources", "{E804E576-3DA3-453F-B4FD-B7ABDC6878DB}"
EndProject
Project("{8BB2217D-0F2D-49D1-97BC-3654ED321F3B}") = "SyncPlayer.Common", "SyncPlayer.Common\SyncPlayer.Common.xproj", "{B3AAABC4-483E-4ECE-9C7F-5FEEAEAEB8C6}"
EndProject
Project("{8BB2217D-0F2D-49D1-97BC-3654ED321F3B}") = "SyncPlayer.Domain", "SyncPlayer.Domain\SyncPlayer.Domain.xproj", "{566F2471-158D-46FB-80ED-2474A440D72D}"
EndProject
Project("{8BB2217D-0F2D-49D1-97BC-3654ED321F3B}") = "SyncPlayer.Dropbox", "SyncPlayer.Dropbox\SyncPlayer.Dropbox.xproj", "{7B30E29D-1DD7-4642-B30E-5DFEFBF3E83A}"
EndProject
Project("{8BB2217D-0F2D-49D1-97BC-3654ED321F3B}") = "SyncPlayer.IntegrationTests", "SyncPlayer.IntegrationTests\SyncPlayer.IntegrationTests.xproj", "{F4B64637-2BDA-4911-A21E-5384DCC121A3}"
EndProject
Global
	GlobalSection(SolutionConfigurationPlatforms) = preSolution
		Debug|Any CPU = Debug|Any CPU
		Release|Any CPU = Release|Any CPU
	EndGlobalSection
	GlobalSection(ProjectConfigurationPlatforms) = postSolution
		{B3AAABC4-483E-4ECE-9C7F-5FEEAEAEB8C6}.Debug|Any CPU.ActiveCfg = Debug|Any CPU
		{B3AAABC4-483E-4ECE-9C7F-5FEEAEAEB8C6}.Debug|Any CPU.Build.0 = Debug|Any CPU
		{B3AAABC4-483E-4ECE-9C7F-5FEEAEAEB8C6}.Release|Any CPU.ActiveCfg = Release|Any CPU
		{B3AAABC4-483E-4ECE-9C7F-5FEEAEAEB8C6}.Release|Any CPU.Build.0 = Release|Any CPU
		{566F2471-158D-46FB-80ED-2474A440D72D}.Debug|Any CPU.ActiveCfg = Debug|Any CPU
		{566F2471-158D-46FB-80ED-2474A440D72D}.Debug|Any CPU.Build.0 = Debug|Any CPU
		{566F2471-158D-46FB-80ED-2474A440D72D}.Release|Any CPU.ActiveCfg = Release|Any CPU
		{566F2471-158D-46FB-80ED-2474A440D72D}.Release|Any CPU.Build.0 = Release|Any CPU
		{7B30E29D-1DD7-4642-B30E-5DFEFBF3E83A}.Debug|Any CPU.ActiveCfg = Debug|Any CPU
		{7B30E29D-1DD7-4642-B30E-5DFEFBF3E83A}.Debug|Any CPU.Build.0 = Debug|Any CPU
		{7B30E29D-1DD7-4642-B30E-5DFEFBF3E83A}.Release|Any CPU.ActiveCfg = Release|Any CPU
		{7B30E29D-1DD7-4642-B30E-5DFEFBF3E83A}.Release|Any CPU.Build.0 = Release|Any CPU
		{F4B64637-2BDA-4911-A21E-5384DCC121A3}.Debug|Any CPU.ActiveCfg = Debug|Any CPU
		{F4B64637-2BDA-4911-A21E-5384DCC121A3}.Debug|Any CPU.Build.0 = Debug|Any CPU
		{F4B64637-2BDA-4911-A21E-5384DCC121A3}.Release|Any CPU.ActiveCfg = Release|Any CPU
		{F4B64637-2BDA-4911-A21E-5384DCC121A3}.Release|Any CPU.Build.0 = Release|Any CPU
	EndGlobalSection
	GlobalSection(SolutionProperties) = preSolution
		HideSolutionNode = FALSE
	EndGlobalSection
	GlobalSection(NestedProjects) = preSolution
		{7B30E29D-1DD7-4642-B30E-5DFEFBF3E83A} = {E804E576-3DA3-453F-B4FD-B7ABDC6878DB}
		{F4B64637-2BDA-4911-A21E-5384DCC121A3} = {2E539C3C-F5C4-40DC-A405-07BEBA16ED11}
	EndGlobalSection
EndGlobal
